// !$*UTF8*$!
{
	archiveVersion = 1;
	classes = {
	};
	objectVersion = 46;
	objects = {

/* Begin PBXBuildFile section */
		F4C782B21B3AA61900068BDC /* main.m in Sources */ = {isa = PBXBuildFile; fileRef = F4C782B11B3AA61900068BDC /* main.m */; };
		F4C782B51B3AA61900068BDC /* AppDelegate.m in Sources */ = {isa = PBXBuildFile; fileRef = F4C782B41B3AA61900068BDC /* AppDelegate.m */; };
		F4C782B81B3AA61900068BDC /* ViewController.m in Sources */ = {isa = PBXBuildFile; fileRef = F4C782B71B3AA61900068BDC /* ViewController.m */; };
		F4C782BB1B3AA61A00068BDC /* Main.storyboard in Resources */ = {isa = PBXBuildFile; fileRef = F4C782B91B3AA61A00068BDC /* Main.storyboard */; };
		F4C782BD1B3AA61A00068BDC /* Images.xcassets in Resources */ = {isa = PBXBuildFile; fileRef = F4C782BC1B3AA61A00068BDC /* Images.xcassets */; };
		F4C782C01B3AA61A00068BDC /* LaunchScreen.xib in Resources */ = {isa = PBXBuildFile; fileRef = F4C782BE1B3AA61A00068BDC /* LaunchScreen.xib */; };
		F4C782CC1B3AA61A00068BDC /* hello_world_githubTests.m in Sources */ = {isa = PBXBuildFile; fileRef = F4C782CB1B3AA61A00068BDC /* hello_world_githubTests.m */; };
/* End PBXBuildFile section */

/* Begin PBXContainerItemProxy section */
		F4C782C61B3AA61A00068BDC /* PBXContainerItemProxy */ = {
			isa = PBXContainerItemProxy;
			containerPortal = F4C782A41B3AA61900068BDC /* Project object */;
			proxyType = 1;
			remoteGlobalIDString = F4C782AB1B3AA61900068BDC;
			remoteInfo = "hello-world-github";
		};
/* End PBXContainerItemProxy section */

/* Begin PBXFileReference section */
		F4C782AC1B3AA61900068BDC /* hello-world-github.app */ = {isa = PBXFileReference; explicitFileType = wrapper.application; includeInIndex = 0; path = "hello-world-github.app"; sourceTree = BUILT_PRODUCTS_DIR; };
		F4C782B01B3AA61900068BDC /* Info.plist */ = {isa = PBXFileReference; lastKnownFileType = text.plist.xml; path = Info.plist; sourceTree = "<group>"; };
		F4C782B11B3AA61900068BDC /* main.m */ = {isa = PBXFileReference; lastKnownFileType = sourcecode.c.objc; path = main.m; sourceTree = "<group>"; };
		F4C782B31B3AA61900068BDC /* AppDelegate.h */ = {isa = PBXFileReference; lastKnownFileType = sourcecode.c.h; path = AppDelegate.h; sourceTree = "<group>"; };
		F4C782B41B3AA61900068BDC /* AppDelegate.m */ = {isa = PBXFileReference; lastKnownFileType = sourcecode.c.objc; path = AppDelegate.m; sourceTree = "<group>"; };
		F4C782B61B3AA61900068BDC /* ViewController.h */ = {isa = PBXFileReference; lastKnownFileType = sourcecode.c.h; path = ViewController.h; sourceTree = "<group>"; };
		F4C782B71B3AA61900068BDC /* ViewController.m */ = {isa = PBXFileReference; lastKnownFileType = sourcecode.c.objc; path = ViewController.m; sourceTree = "<group>"; };
		F4C782BA1B3AA61A00068BDC /* Base */ = {isa = PBXFileReference; lastKnownFileType = file.storyboard; name = Base; path = Base.lproj/Main.storyboard; sourceTree = "<group>"; };
		F4C782BC1B3AA61A00068BDC /* Images.xcassets */ = {isa = PBXFileReference; lastKnownFileType = folder.assetcatalog; path = Images.xcassets; sourceTree = "<group>"; };
		F4C782BF1B3AA61A00068BDC /* Base */ = {isa = PBXFileReference; lastKnownFileType = file.xib; name = Base; path = Base.lproj/LaunchScreen.xib; sourceTree = "<group>"; };
		F4C782C51B3AA61A00068BDC /* hello-world-githubTests.xctest */ = {isa = PBXFileReference; explicitFileType = wrapper.cfbundle; includeInIndex = 0; path = "hello-world-githubTests.xctest"; sourceTree = BUILT_PRODUCTS_DIR; };
		F4C782CA1B3AA61A00068BDC /* Info.plist */ = {isa = PBXFileReference; lastKnownFileType = text.plist.xml; path = Info.plist; sourceTree = "<group>"; };
		F4C782CB1B3AA61A00068BDC /* hello_world_githubTests.m */ = {isa = PBXFileReference; lastKnownFileType = sourcecode.c.objc; path = hello_world_githubTests.m; sourceTree = "<group>"; };
/* End PBXFileReference section */

/* Begin PBXFrameworksBuildPhase section */
		F4C782A91B3AA61900068BDC /* Frameworks */ = {
			isa = PBXFrameworksBuildPhase;
			buildActionMask = 2147483647;
			files = (
			);
			runOnlyForDeploymentPostprocessing = 0;
		};
		F4C782C21B3AA61A00068BDC /* Frameworks */ = {
			isa = PBXFrameworksBuildPhase;
			buildActionMask = 2147483647;
			files = (
			);
			runOnlyForDeploymentPostprocessing = 0;
		};
/* End PBXFrameworksBuildPhase section */

/* Begin PBXGroup section */
		F4C782A31B3AA61900068BDC = {
			isa = PBXGroup;
			children = (
				F4C782AE1B3AA61900068BDC /* hello-world-github */,
				F4C782C81B3AA61A00068BDC /* hello-world-githubTests */,
				F4C782AD1B3AA61900068BDC /* Products */,
			);
			sourceTree = "<group>";
		};
		F4C782AD1B3AA61900068BDC /* Products */ = {
			isa = PBXGroup;
			children = (
				F4C782AC1B3AA61900068BDC /* hello-world-github.app */,
				F4C782C51B3AA61A00068BDC /* hello-world-githubTests.xctest */,
			);
			name = Products;
			sourceTree = "<group>";
		};
		F4C782AE1B3AA61900068BDC /* hello-world-github */ = {
			isa = PBXGroup;
			children = (
				F4C782B31B3AA61900068BDC /* AppDelegate.h */,
				F4C782B41B3AA61900068BDC /* AppDelegate.m */,
				F4C782B61B3AA61900068BDC /* ViewController.h */,
				F4C782B71B3AA61900068BDC /* ViewController.m */,
				F4C782B91B3AA61A00068BDC /* Main.storyboard */,
				F4C782BC1B3AA61A00068BDC /* Images.xcassets */,
				F4C782BE1B3AA61A00068BDC /* LaunchScreen.xib */,
				F4C782AF1B3AA61900068BDC /* Supporting Files */,
			);
			path = "hello-world-github";
			sourceTree = "<group>";
		};
		F4C782AF1B3AA61900068BDC /* Supporting Files */ = {
			isa = PBXGroup;
			children = (
				F4C782B01B3AA61900068BDC /* Info.plist */,
				F4C782B11B3AA61900068BDC /* main.m */,
			);
			name = "Supporting Files";
			sourceTree = "<group>";
		};
		F4C782C81B3AA61A00068BDC /* hello-world-githubTests */ = {
			isa = PBXGroup;
			children = (
				F4C782CB1B3AA61A00068BDC /* hello_world_githubTests.m */,
				F4C782C91B3AA61A00068BDC /* Supporting Files */,
			);
			path = "hello-world-githubTests";
			sourceTree = "<group>";
		};
		F4C782C91B3AA61A00068BDC /* Supporting Files */ = {
			isa = PBXGroup;
			children = (
				F4C782CA1B3AA61A00068BDC /* Info.plist */,
			);
			name = "Supporting Files";
			sourceTree = "<group>";
		};
/* End PBXGroup section */

/* Begin PBXNativeTarget section */
		F4C782AB1B3AA61900068BDC /* hello-world-github */ = {
			isa = PBXNativeTarget;
			buildConfigurationList = F4C782CF1B3AA61A00068BDC /* Build configuration list for PBXNativeTarget "hello-world-github" */;
			buildPhases = (
				F4C782A81B3AA61900068BDC /* Sources */,
				F4C782A91B3AA61900068BDC /* Frameworks */,
				F4C782AA1B3AA61900068BDC /* Resources */,
			);
			buildRules = (
			);
			dependencies = (
			);
			name = "hello-world-github";
			productName = "hello-world-github";
			productReference = F4C782AC1B3AA61900068BDC /* hello-world-github.app */;
			productType = "com.apple.product-type.application";
		};
		F4C782C41B3AA61A00068BDC /* hello-world-githubTests */ = {
			isa = PBXNativeTarget;
			buildConfigurationList = F4C782D21B3AA61A00068BDC /* Build configuration list for PBXNativeTarget "hello-world-githubTests" */;
			buildPhases = (
				F4C782C11B3AA61A00068BDC /* Sources */,
				F4C782C21B3AA61A00068BDC /* Frameworks */,
				F4C782C31B3AA61A00068BDC /* Resources */,
			);
			buildRules = (
			);
			dependencies = (
				F4C782C71B3AA61A00068BDC /* PBXTargetDependency */,
			);
			name = "hello-world-githubTests";
			productName = "hello-world-githubTests";
			productReference = F4C782C51B3AA61A00068BDC /* hello-world-githubTests.xctest */;
			productType = "com.apple.product-type.bundle.unit-test";
		};
/* End PBXNativeTarget section */

/* Begin PBXProject section */
		F4C782A41B3AA61900068BDC /* Project object */ = {
			isa = PBXProject;
			attributes = {
				LastUpgradeCheck = 0630;
				ORGANIZATIONNAME = XC;
				TargetAttributes = {
					F4C782AB1B3AA61900068BDC = {
						CreatedOnToolsVersion = 6.3.2;
					};
					F4C782C41B3AA61A00068BDC = {
						CreatedOnToolsVersion = 6.3.2;
						TestTargetID = F4C782AB1B3AA61900068BDC;
					};
				};
			};
			buildConfigurationList = F4C782A71B3AA61900068BDC /* Build configuration list for PBXProject "hello-world-github" */;
			compatibilityVersion = "Xcode 3.2";
			developmentRegion = English;
			hasScannedForEncodings = 0;
			knownRegions = (
				en,
				Base,
			);
			mainGroup = F4C782A31B3AA61900068BDC;
			productRefGroup = F4C782AD1B3AA61900068BDC /* Products */;
			projectDirPath = "";
			projectRoot = "";
			targets = (
				F4C782AB1B3AA61900068BDC /* hello-world-github */,
				F4C782C41B3AA61A00068BDC /* hello-world-githubTests */,
			);
		};
/* End PBXProject section */

/* Begin PBXResourcesBuildPhase section */
		F4C782AA1B3AA61900068BDC /* Resources */ = {
			isa = PBXResourcesBuildPhase;
			buildActionMask = 2147483647;
			files = (
				F4C782BB1B3AA61A00068BDC /* Main.storyboard in Resources */,
				F4C782C01B3AA61A00068BDC /* LaunchScreen.xib in Resources */,
				F4C782BD1B3AA61A00068BDC /* Images.xcassets in Resources */,
			);
			runOnlyForDeploymentPostprocessing = 0;
		};
		F4C782C31B3AA61A00068BDC /* Resources */ = {
			isa = PBXResourcesBuildPhase;
			buildActionMask = 2147483647;
			files = (
			);
			runOnlyForDeploymentPostprocessing = 0;
		};
/* End PBXResourcesBuildPhase section */

/* Begin PBXSourcesBuildPhase section */
		F4C782A81B3AA61900068BDC /* Sources */ = {
			isa = PBXSourcesBuildPhase;
			buildActionMask = 2147483647;
			files = (
				F4C782B81B3AA61900068BDC /* ViewController.m in Sources */,
				F4C782B51B3AA61900068BDC /* AppDelegate.m in Sources */,
				F4C782B21B3AA61900068BDC /* main.m in Sources */,
			);
			runOnlyForDeploymentPostprocessing = 0;
		};
		F4C782C11B3AA61A00068BDC /* Sources */ = {
			isa = PBXSourcesBuildPhase;
			buildActionMask = 2147483647;
			files = (
				F4C782CC1B3AA61A00068BDC /* hello_world_githubTests.m in Sources */,
			);
			runOnlyForDeploymentPostprocessing = 0;
		};
/* End PBXSourcesBuildPhase section */

/* Begin PBXTargetDependency section */
		F4C782C71B3AA61A00068BDC /* PBXTargetDependency */ = {
			isa = PBXTargetDependency;
			target = F4C782AB1B3AA61900068BDC /* hello-world-github */;
			targetProxy = F4C782C61B3AA61A00068BDC /* PBXContainerItemProxy */;
		};
/* End PBXTargetDependency section */

/* Begin PBXVariantGroup section */
		F4C782B91B3AA61A00068BDC /* Main.storyboard */ = {
			isa = PBXVariantGroup;
			children = (
				F4C782BA1B3AA61A00068BDC /* Base */,
			);
			name = Main.storyboard;
			sourceTree = "<group>";
		};
		F4C782BE1B3AA61A00068BDC /* LaunchScreen.xib */ = {
			isa = PBXVariantGroup;
			children = (
				F4C782BF1B3AA61A00068BDC /* Base */,
			);
			name = LaunchScreen.xib;
			sourceTree = "<group>";
		};
/* End PBXVariantGroup section */

/* Begin XCBuildConfiguration section */
		F4C782CD1B3AA61A00068BDC /* Debug */ = {
			isa = XCBuildConfiguration;
			buildSettings = {
				ALWAYS_SEARCH_USER_PATHS = NO;
				CLANG_CXX_LANGUAGE_STANDARD = "gnu++0x";
				CLANG_CXX_LIBRARY = "libc++";
				CLANG_ENABLE_MODULES = YES;
				CLANG_ENABLE_OBJC_ARC = YES;
				CLANG_WARN_BOOL_CONVERSION = YES;
				CLANG_WARN_CONSTANT_CONVERSION = YES;
				CLANG_WARN_DIRECT_OBJC_ISA_USAGE = YES_ERROR;
				CLANG_WARN_EMPTY_BODY = YES;
				CLANG_WARN_ENUM_CONVERSION = YES;
				CLANG_WARN_INT_CONVERSION = YES;
				CLANG_WARN_OBJC_ROOT_CLASS = YES_ERROR;
				CLANG_WARN_UNREACHABLE_CODE = YES;
				CLANG_WARN__DUPLICATE_METHOD_MATCH = YES;
				"CODE_SIGN_IDENTITY[sdk=iphoneos*]" = "iPhone Developer";
				COPY_PHASE_STRIP = NO;
				DEBUG_INFORMATION_FORMAT = "dwarf-with-dsym";
				ENABLE_STRICT_OBJC_MSGSEND = YES;
				GCC_C_LANGUAGE_STANDARD = gnu99;
				GCC_DYNAMIC_NO_PIC = NO;
				GCC_NO_COMMON_BLOCKS = YES;
				GCC_OPTIMIZATION_LEVEL = 0;
				GCC_PREPROCESSOR_DEFINITIONS = (
					"DEBUG=1",
					"$(inherited)",
				);
				GCC_SYMBOLS_PRIVATE_EXTERN = NO;
				GCC_WARN_64_TO_32_BIT_CONVERSION = YES;
				GCC_WARN_ABOUT_RETURN_TYPE = YES_ERROR;
				GCC_WARN_UNDECLARED_SELECTOR = YES;
				GCC_WARN_UNINITIALIZED_AUTOS = YES_AGGRESSIVE;
				GCC_WARN_UNUSED_FUNCTION = YES;
				GCC_WARN_UNUSED_VARIABLE = YES;
				IPHONEOS_DEPLOYMENT_TARGET = 8.3;
				MTL_ENABLE_DEBUG_INFO = YES;
				ONLY_ACTIVE_ARCH = YES;
				SDKROOT = iphoneos;
			};
			name = Debug;
		};
		F4C782CE1B3AA61A00068BDC /* Release */ = {
			isa = XCBuildConfiguration;
			buildSettings = {
				ALWAYS_SEARCH_USER_PATHS = NO;
				CLANG_CXX_LANGUAGE_STANDARD = "gnu++0x";
				CLANG_CXX_LIBRARY = "libc++";
				CLANG_ENABLE_MODULES = YES;
				CLANG_ENABLE_OBJC_ARC = YES;
				CLANG_WARN_BOOL_CONVERSION = YES;
				CLANG_WARN_CONSTANT_CONVERSION = YES;
				CLANG_WARN_DIRECT_OBJC_ISA_USAGE = YES_ERROR;
				CLANG_WARN_EMPTY_BODY = YES;
				CLANG_WARN_ENUM_CONVERSION = YES;
				CLANG_WARN_INT_CONVERSION = YES;
				CLANG_WARN_OBJC_ROOT_CLASS = YES_ERROR;
				CLANG_WARN_UNREACHABLE_CODE = YES;
				CLANG_WARN__DUPLICATE_METHOD_MATCH = YES;
				"CODE_SIGN_IDENTITY[sdk=iphoneos*]" = "iPhone Developer";
				COPY_PHASE_STRIP = NO;
				DEBUG_INFORMATION_FORMAT = "dwarf-with-dsym";
				ENABLE_NS_ASSERTIONS = NO;
				ENABLE_STRICT_OBJC_MSGSEND = YES;
				GCC_C_LANGUAGE_STANDARD = gnu99;
				GCC_NO_COMMON_BLOCKS = YES;
				GCC_WARN_64_TO_32_BIT_CONVERSION = YES;
				GCC_WARN_ABOUT_RETURN_TYPE = YES_ERROR;
				GCC_WARN_UNDECLARED_SELECTOR = YES;
				GCC_WARN_UNINITIALIZED_AUTOS = YES_AGGRESSIVE;
				GCC_WARN_UNUSED_FUNCTION = YES;
				GCC_WARN_UNUSED_VARIABLE = YES;
				IPHONEOS_DEPLOYMENT_TARGET = 8.3;
				MTL_ENABLE_DEBUG_INFO = NO;
				SDKROOT = iphoneos;
				VALIDATE_PRODUCT = YES;
			};
			name = Release;
		};
		F4C782D01B3AA61A00068BDC /* Debug */ = {
			isa = XCBuildConfiguration;
			buildSettings = {
				ASSETCATALOG_COMPILER_APPICON_NAME = AppIcon;
				INFOPLIST_FILE = "hello-world-github/Info.plist";
				LD_RUNPATH_SEARCH_PATHS = "$(inherited) @executable_path/Frameworks";
				PRODUCT_NAME = "$(TARGET_NAME)";
			};
			name = Debug;
		};
		F4C782D11B3AA61A00068BDC /* Release */ = {
			isa = XCBuildConfiguration;
			buildSettings = {
				ASSETCATALOG_COMPILER_APPICON_NAME = AppIcon;
				INFOPLIST_FILE = "hello-world-github/Info.plist";
				LD_RUNPATH_SEARCH_PATHS = "$(inherited) @executable_path/Frameworks";
				PRODUCT_NAME = "$(TARGET_NAME)";
			};
			name = Release;
		};
		F4C782D31B3AA61A00068BDC /* Debug */ = {
			isa = XCBuildConfiguration;
			buildSettings = {
				BUNDLE_LOADER = "$(TEST_HOST)";
				FRAMEWORK_SEARCH_PATHS = (
					"$(SDKROOT)/Developer/Library/Frameworks",
					"$(inherited)",
				);
				GCC_PREPROCESSOR_DEFINITIONS = (
					"DEBUG=1",
					"$(inherited)",
				);
				INFOPLIST_FILE = "hello-world-githubTests/Info.plist";
				LD_RUNPATH_SEARCH_PATHS = "$(inherited) @executable_path/Frameworks @loader_path/Frameworks";
				PRODUCT_NAME = "$(TARGET_NAME)";
				TEST_HOST = "$(BUILT_PRODUCTS_DIR)/hello-world-github.app/hello-world-github";
			};
			name = Debug;
		};
		F4C782D41B3AA61A00068BDC /* Release */ = {
			isa = XCBuildConfiguration;
			buildSettings = {
				BUNDLE_LOADER = "$(TEST_HOST)";
				FRAMEWORK_SEARCH_PATHS = (
					"$(SDKROOT)/Developer/Library/Frameworks",
					"$(inherited)",
				);
				INFOPLIST_FILE = "hello-world-githubTests/Info.plist";
				LD_RUNPATH_SEARCH_PATHS = "$(inherited) @executable_path/Frameworks @loader_path/Frameworks";
				PRODUCT_NAME = "$(TARGET_NAME)";
				TEST_HOST = "$(BUILT_PRODUCTS_DIR)/hello-world-github.app/hello-world-github";
			};
			name = Release;
		};
/* End XCBuildConfiguration section */

/* Begin XCConfigurationList section */
		F4C782A71B3AA61900068BDC /* Build configuration list for PBXProject "hello-world-github" */ = {
			isa = XCConfigurationList;
			buildConfigurations = (
				F4C782CD1B3AA61A00068BDC /* Debug */,
				F4C782CE1B3AA61A00068BDC /* Release */,
			);
			defaultConfigurationIsVisible = 0;
			defaultConfigurationName = Release;
		};
		F4C782CF1B3AA61A00068BDC /* Build configuration list for PBXNativeTarget "hello-world-github" */ = {
			isa = XCConfigurationList;
			buildConfigurations = (
				F4C782D01B3AA61A00068BDC /* Debug */,
				F4C782D11B3AA61A00068BDC /* Release */,
			);
			defaultConfigurationIsVisible = 0;
		};
		F4C782D21B3AA61A00068BDC /* Build configuration list for PBXNativeTarget "hello-world-githubTests" */ = {
			isa = XCConfigurationList;
			buildConfigurations = (
				F4C782D31B3AA61A00068BDC /* Debug */,
				F4C782D41B3AA61A00068BDC /* Release */,
			);
			defaultConfigurationIsVisible = 0;
		};
/* End XCConfigurationList section */
	};
	rootObject = F4C782A41B3AA61900068BDC /* Project object */;
}
